Microsoft Visual Studio Solution File, Format Version 12.00
# Visual Studio Version 17
VisualStudioVersion = 17.5.002.0
MinimumVisualStudioVersion = 10.0.40219.1
Project("{9A19103F-16F7-4668-BE54-9A1E7A4F7556}") = "todoApp", "todoApp.csproj", "{F4CBC74F-911F-423C-A553-24F73DDC703D}"
EndProject
Global
	GlobalSection(SolutionConfigurationPlatforms) = preSolution
		Debug|Any CPU = Debug|Any CPU
		Release|Any CPU = Release|Any CPU
	EndGlobalSection
	GlobalSection(ProjectConfigurationPlatforms) = postSolution
		{F4CBC74F-911F-423C-A553-24F73DDC703D}.Debug|Any CPU.ActiveCfg = Debug|Any CPU
		{F4CBC74F-911F-423C-A553-24F73DDC703D}.Debug|Any CPU.Build.0 = Debug|Any CPU
		{F4CBC74F-911F-423C-A553-24F73DDC703D}.Release|Any CPU.ActiveCfg = Release|Any CPU
		{F4CBC74F-911F-423C-A553-24F73DDC703D}.Release|Any CPU.Build.0 = Release|Any CPU
	EndGlobalSection
	GlobalSection(SolutionProperties) = preSolution
		HideSolutionNode = FALSE
	EndGlobalSection
	GlobalSection(ExtensibilityGlobals) = postSolution
		SolutionGuid = {AB180375-D852-4C03-A4EF-B443F2C9DBDA}
	EndGlobalSection
EndGlobal
